
Microsoft Visual Studio Solution File, Format Version 12.00
# Visual Studio Version 17
VisualStudioVersion = 17.7.34031.279
MinimumVisualStudioVersion = 10.0.40219.1
Project("{FAE04EC0-301F-11D3-BF4B-00C04F79EFBC}") = "OperacoesAlunoTurma", "OperacoesAlunoTurma\OperacoesAlunoTurma.csproj", "{76ADD4DF-D1CF-4672-BCD5-06BE7E03A85A}"
EndProject
Global
	GlobalSection(SolutionConfigurationPlatforms) = preSolution
		Debug|Any CPU = Debug|Any CPU
		Release|Any CPU = Release|Any CPU
	EndGlobalSection
	GlobalSection(ProjectConfigurationPlatforms) = postSolution
		{76ADD4DF-D1CF-4672-BCD5-06BE7E03A85A}.Debug|Any CPU.ActiveCfg = Debug|Any CPU
		{76ADD4DF-D1CF-4672-BCD5-06BE7E03A85A}.Debug|Any CPU.Build.0 = Debug|Any CPU
		{76ADD4DF-D1CF-4672-BCD5-06BE7E03A85A}.Release|Any CPU.ActiveCfg = Release|Any CPU
		{76ADD4DF-D1CF-4672-BCD5-06BE7E03A85A}.Release|Any CPU.Build.0 = Release|Any CPU
	EndGlobalSection
	GlobalSection(SolutionProperties) = preSolution
		HideSolutionNode = FALSE
	EndGlobalSection
	GlobalSection(ExtensibilityGlobals) = postSolution
		SolutionGuid = {A35071E8-B886-497B-BD5D-92FE51B4C500}
	EndGlobalSection
EndGlobal
